// !$*UTF8*$!
{
	archiveVersion = 1;
	classes = {
	};
	objectVersion = 46;
	objects = {

/* Begin PBXBuildFile section */
		5C49572716C555F700250332 /* Default-568h@2x.png in Resources */ = {isa = PBXBuildFile; fileRef = 5C49572616C555F700250332 /* Default-568h@2x.png */; };
		95322A731517AEF40069C8D7 /* QuartzCore.framework in Frameworks */ = {isa = PBXBuildFile; fileRef = 95322A701517AEEB0069C8D7 /* QuartzCore.framework */; };
		9561ACB2151286EE005889C6 /* UIKit.framework in Frameworks */ = {isa = PBXBuildFile; fileRef = 9561ACB1151286EE005889C6 /* UIKit.framework */; };
		9561ACB4151286EE005889C6 /* Foundation.framework in Frameworks */ = {isa = PBXBuildFile; fileRef = 9561ACB3151286EE005889C6 /* Foundation.framework */; };
		9561ACB6151286EE005889C6 /* CoreGraphics.framework in Frameworks */ = {isa = PBXBuildFile; fileRef = 9561ACB5151286EE005889C6 /* CoreGraphics.framework */; };
		9561ACBC151286EE005889C6 /* InfoPlist.strings in Resources */ = {isa = PBXBuildFile; fileRef = 9561ACBA151286EE005889C6 /* InfoPlist.strings */; };
		9561AD0F15130EE2005889C6 /* JASidePanelController.m in Sources */ = {isa = PBXBuildFile; fileRef = 9561AD0E15130EE2005889C6 /* JASidePanelController.m */; };
		9561AD1915130F10005889C6 /* JAAppDelegate.m in Sources */ = {isa = PBXBuildFile; fileRef = 9561AD1215130F10005889C6 /* JAAppDelegate.m */; };
		9561AD1A15130F10005889C6 /* JACenterViewController.m in Sources */ = {isa = PBXBuildFile; fileRef = 9561AD1415130F10005889C6 /* JACenterViewController.m */; };
		9561AD1B15130F10005889C6 /* JALeftViewController.m in Sources */ = {isa = PBXBuildFile; fileRef = 9561AD1615130F10005889C6 /* JALeftViewController.m */; };
		9561AD1C15130F10005889C6 /* JARightViewController.m in Sources */ = {isa = PBXBuildFile; fileRef = 9561AD1815130F10005889C6 /* JARightViewController.m */; };
		9561AD2115130F2A005889C6 /* main.m in Sources */ = {isa = PBXBuildFile; fileRef = 9561AD1F15130F2A005889C6 /* main.m */; };
		9568132B16373ACB007B3602 /* JADebugViewController.m in Sources */ = {isa = PBXBuildFile; fileRef = 9568132A16373ACB007B3602 /* JADebugViewController.m */; };
		95BCC45A15F081130009F1DA /* UIViewController+JASidePanel.m in Sources */ = {isa = PBXBuildFile; fileRef = 95BCC45915F081130009F1DA /* UIViewController+JASidePanel.m */; };
/* End PBXBuildFile section */

/* Begin PBXFileReference section */
		5C49572616C555F700250332 /* Default-568h@2x.png */ = {isa = PBXFileReference; lastKnownFileType = image.png; path = "Default-568h@2x.png"; sourceTree = "<group>"; };
		95322A701517AEEB0069C8D7 /* QuartzCore.framework */ = {isa = PBXFileReference; lastKnownFileType = wrapper.framework; name = QuartzCore.framework; path = System/Library/Frameworks/QuartzCore.framework; sourceTree = SDKROOT; };
		9561ACAD151286EE005889C6 /* JASidePanels.app */ = {isa = PBXFileReference; explicitFileType = wrapper.application; includeInIndex = 0; path = JASidePanels.app; sourceTree = BUILT_PRODUCTS_DIR; };
		9561ACB1151286EE005889C6 /* UIKit.framework */ = {isa = PBXFileReference; lastKnownFileType = wrapper.framework; name = UIKit.framework; path = System/Library/Frameworks/UIKit.framework; sourceTree = SDKROOT; };
		9561ACB3151286EE005889C6 /* Foundation.framework */ = {isa = PBXFileReference; lastKnownFileType = wrapper.framework; name = Foundation.framework; path = System/Library/Frameworks/Foundation.framework; sourceTree = SDKROOT; };
		9561ACB5151286EE005889C6 /* CoreGraphics.framework */ = {isa = PBXFileReference; lastKnownFileType = wrapper.framework; name = CoreGraphics.framework; path = System/Library/Frameworks/CoreGraphics.framework; sourceTree = SDKROOT; };
		9561ACBB151286EE005889C6 /* en */ = {isa = PBXFileReference; lastKnownFileType = text.plist.strings; name = en; path = en.lproj/InfoPlist.strings; sourceTree = "<group>"; };
		9561AD0D15130EE2005889C6 /* JASidePanelController.h */ = {isa = PBXFileReference; fileEncoding = 4; lastKnownFileType = sourcecode.c.h; name = JASidePanelController.h; path = Source/JASidePanelController.h; sourceTree = "<group>"; };
		9561AD0E15130EE2005889C6 /* JASidePanelController.m */ = {isa = PBXFileReference; fileEncoding = 4; lastKnownFileType = sourcecode.c.objc; name = JASidePanelController.m; path = Source/JASidePanelController.m; sourceTree = "<group>"; };
		9561AD1115130F10005889C6 /* JAAppDelegate.h */ = {isa = PBXFileReference; fileEncoding = 4; lastKnownFileType = sourcecode.c.h; name = JAAppDelegate.h; path = Demo/JAAppDelegate.h; sourceTree = "<group>"; };
		9561AD1215130F10005889C6 /* JAAppDelegate.m */ = {isa = PBXFileReference; fileEncoding = 4; lastKnownFileType = sourcecode.c.objc; name = JAAppDelegate.m; path = Demo/JAAppDelegate.m; sourceTree = "<group>"; };
		9561AD1315130F10005889C6 /* JACenterViewController.h */ = {isa = PBXFileReference; fileEncoding = 4; lastKnownFileType = sourcecode.c.h; name = JACenterViewController.h; path = Demo/JACenterViewController.h; sourceTree = "<group>"; };
		9561AD1415130F10005889C6 /* JACenterViewController.m */ = {isa = PBXFileReference; fileEncoding = 4; lastKnownFileType = sourcecode.c.objc; name = JACenterViewController.m; path = Demo/JACenterViewController.m; sourceTree = "<group>"; };
		9561AD1515130F10005889C6 /* JALeftViewController.h */ = {isa = PBXFileReference; fileEncoding = 4; lastKnownFileType = sourcecode.c.h; name = JALeftViewController.h; path = Demo/JALeftViewController.h; sourceTree = "<group>"; };
		9561AD1615130F10005889C6 /* JALeftViewController.m */ = {isa = PBXFileReference; fileEncoding = 4; lastKnownFileType = sourcecode.c.objc; name = JALeftViewController.m; path = Demo/JALeftViewController.m; sourceTree = "<group>"; };
		9561AD1715130F10005889C6 /* JARightViewController.h */ = {isa = PBXFileReference; fileEncoding = 4; lastKnownFileType = sourcecode.c.h; name = JARightViewController.h; path = Demo/JARightViewController.h; sourceTree = "<group>"; };
		9561AD1815130F10005889C6 /* JARightViewController.m */ = {isa = PBXFileReference; fileEncoding = 4; lastKnownFileType = sourcecode.c.objc; name = JARightViewController.m; path = Demo/JARightViewController.m; sourceTree = "<group>"; };
		9561AD1D15130F2A005889C6 /* JASidePanels-Info.plist */ = {isa = PBXFileReference; fileEncoding = 4; lastKnownFileType = text.plist.xml; name = "JASidePanels-Info.plist"; path = "Demo/JASidePanels-Info.plist"; sourceTree = "<group>"; };
		9561AD1E15130F2A005889C6 /* JASidePanels-Prefix.pch */ = {isa = PBXFileReference; fileEncoding = 4; lastKnownFileType = sourcecode.c.h; name = "JASidePanels-Prefix.pch"; path = "Demo/JASidePanels-Prefix.pch"; sourceTree = "<group>"; };
		9561AD1F15130F2A005889C6 /* main.m */ = {isa = PBXFileReference; fileEncoding = 4; lastKnownFileType = sourcecode.c.objc; name = main.m; path = Demo/main.m; sourceTree = "<group>"; };
		9568132916373ACB007B3602 /* JADebugViewController.h */ = {isa = PBXFileReference; fileEncoding = 4; lastKnownFileType = sourcecode.c.h; name = JADebugViewController.h; path = Demo/JADebugViewController.h; sourceTree = "<group>"; };
		9568132A16373ACB007B3602 /* JADebugViewController.m */ = {isa = PBXFileReference; fileEncoding = 4; lastKnownFileType = sourcecode.c.objc; name = JADebugViewController.m; path = Demo/JADebugViewController.m; sourceTree = "<group>"; };
		95BCC45815F081130009F1DA /* UIViewController+JASidePanel.h */ = {isa = PBXFileReference; fileEncoding = 4; lastKnownFileType = sourcecode.c.h; name = "UIViewController+JASidePanel.h"; path = "Source/UIViewController+JASidePanel.h"; sourceTree = "<group>"; };
		95BCC45915F081130009F1DA /* UIViewController+JASidePanel.m */ = {isa = PBXFileReference; fileEncoding = 4; lastKnownFileType = sourcecode.c.objc; name = "UIViewController+JASidePanel.m"; path = "Source/UIViewController+JASidePanel.m"; sourceTree = "<group>"; };
/* End PBXFileReference section */

/* Begin PBXFrameworksBuildPhase section */
		9561ACAA151286EE005889C6 /* Frameworks */ = {
			isa = PBXFrameworksBuildPhase;
			buildActionMask = 2147483647;
			files = (
				9561ACB2151286EE005889C6 /* UIKit.framework in Frameworks */,
				9561ACB4151286EE005889C6 /* Foundation.framework in Frameworks */,
				9561ACB6151286EE005889C6 /* CoreGraphics.framework in Frameworks */,
				95322A731517AEF40069C8D7 /* QuartzCore.framework in Frameworks */,
			);
			runOnlyForDeploymentPostprocessing = 0;
		};
/* End PBXFrameworksBuildPhase section */

/* Begin PBXGroup section */
		9561ACA2151286EE005889C6 = {
			isa = PBXGroup;
			children = (
				5C49572616C555F700250332 /* Default-568h@2x.png */,
				9561ACB7151286EE005889C6 /* JASidePanels */,
				9561ACB0151286EE005889C6 /* Frameworks */,
				9561ACAE151286EE005889C6 /* Products */,
			);
			sourceTree = "<group>";
		};
		9561ACAE151286EE005889C6 /* Products */ = {
			isa = PBXGroup;
			children = (
				9561ACAD151286EE005889C6 /* JASidePanels.app */,
			);
			name = Products;
			sourceTree = "<group>";
		};
		9561ACB0151286EE005889C6 /* Frameworks */ = {
			isa = PBXGroup;
			children = (
				95322A701517AEEB0069C8D7 /* QuartzCore.framework */,
				9561ACB1151286EE005889C6 /* UIKit.framework */,
				9561ACB3151286EE005889C6 /* Foundation.framework */,
				9561ACB5151286EE005889C6 /* CoreGraphics.framework */,
			);
			name = Frameworks;
			sourceTree = "<group>";
		};
		9561ACB7151286EE005889C6 /* JASidePanels */ = {
			isa = PBXGroup;
			children = (
				9561AD0C15130E96005889C6 /* Source */,
				9561AD1015130EFC005889C6 /* Demo */,
			);
			path = JASidePanels;
			sourceTree = "<group>";
		};
		9561ACB8151286EE005889C6 /* Supporting Files */ = {
			isa = PBXGroup;
			children = (
				9561AD1D15130F2A005889C6 /* JASidePanels-Info.plist */,
				9561AD1E15130F2A005889C6 /* JASidePanels-Prefix.pch */,
				9561AD1F15130F2A005889C6 /* main.m */,
				9561ACBA151286EE005889C6 /* InfoPlist.strings */,
			);
			name = "Supporting Files";
			sourceTree = "<group>";
		};
		9561AD0C15130E96005889C6 /* Source */ = {
			isa = PBXGroup;
			children = (
				9561AD0D15130EE2005889C6 /* JASidePanelController.h */,
				9561AD0E15130EE2005889C6 /* JASidePanelController.m */,
				95BCC45815F081130009F1DA /* UIViewController+JASidePanel.h */,
				95BCC45915F081130009F1DA /* UIViewController+JASidePanel.m */,
			);
			name = Source;
			sourceTree = "<group>";
		};
		9561AD1015130EFC005889C6 /* Demo */ = {
			isa = PBXGroup;
			children = (
				9561ACB8151286EE005889C6 /* Supporting Files */,
				9561AD1115130F10005889C6 /* JAAppDelegate.h */,
				9561AD1215130F10005889C6 /* JAAppDelegate.m */,
				9568132916373ACB007B3602 /* JADebugViewController.h */,
				9568132A16373ACB007B3602 /* JADebugViewController.m */,
				9561AD1315130F10005889C6 /* JACenterViewController.h */,
				9561AD1415130F10005889C6 /* JACenterViewController.m */,
				9561AD1515130F10005889C6 /* JALeftViewController.h */,
				9561AD1615130F10005889C6 /* JALeftViewController.m */,
				9561AD1715130F10005889C6 /* JARightViewController.h */,
				9561AD1815130F10005889C6 /* JARightViewController.m */,
			);
			name = Demo;
			sourceTree = "<group>";
		};
/* End PBXGroup section */

/* Begin PBXNativeTarget section */
		9561ACAC151286EE005889C6 /* JASidePanels */ = {
			isa = PBXNativeTarget;
			buildConfigurationList = 9561ACCE151286EE005889C6 /* Build configuration list for PBXNativeTarget "JASidePanels" */;
			buildPhases = (
				9561ACA9151286EE005889C6 /* Sources */,
				9561ACAA151286EE005889C6 /* Frameworks */,
				9561ACAB151286EE005889C6 /* Resources */,
			);
			buildRules = (
			);
			dependencies = (
			);
			name = JASidePanels;
			productName = JASidePanels;
			productReference = 9561ACAD151286EE005889C6 /* JASidePanels.app */;
			productType = "com.apple.product-type.application";
		};
/* End PBXNativeTarget section */

/* Begin PBXProject section */
		9561ACA4151286EE005889C6 /* Project object */ = {
			isa = PBXProject;
			attributes = {
				CLASSPREFIX = JA;
				LastUpgradeCheck = 0460;
			};
			buildConfigurationList = 9561ACA7151286EE005889C6 /* Build configuration list for PBXProject "JASidePanels" */;
			compatibilityVersion = "Xcode 3.2";
			developmentRegion = English;
			hasScannedForEncodings = 0;
			knownRegions = (
				en,
			);
			mainGroup = 9561ACA2151286EE005889C6;
			productRefGroup = 9561ACAE151286EE005889C6 /* Products */;
			projectDirPath = "";
			projectRoot = "";
			targets = (
				9561ACAC151286EE005889C6 /* JASidePanels */,
			);
		};
/* End PBXProject section */

/* Begin PBXResourcesBuildPhase section */
		9561ACAB151286EE005889C6 /* Resources */ = {
			isa = PBXResourcesBuildPhase;
			buildActionMask = 2147483647;
			files = (
				9561ACBC151286EE005889C6 /* InfoPlist.strings in Resources */,
				5C49572716C555F700250332 /* Default-568h@2x.png in Resources */,
			);
			runOnlyForDeploymentPostprocessing = 0;
		};
/* End PBXResourcesBuildPhase section */

/* Begin PBXSourcesBuildPhase section */
		9561ACA9151286EE005889C6 /* Sources */ = {
			isa = PBXSourcesBuildPhase;
			buildActionMask = 2147483647;
			files = (
				9561AD0F15130EE2005889C6 /* JASidePanelController.m in Sources */,
				9561AD1915130F10005889C6 /* JAAppDelegate.m in Sources */,
				9561AD1A15130F10005889C6 /* JACenterViewController.m in Sources */,
				9561AD1B15130F10005889C6 /* JALeftViewController.m in Sources */,
				9561AD1C15130F10005889C6 /* JARightViewController.m in Sources */,
				9561AD2115130F2A005889C6 /* main.m in Sources */,
				95BCC45A15F081130009F1DA /* UIViewController+JASidePanel.m in Sources */,
				9568132B16373ACB007B3602 /* JADebugViewController.m in Sources */,
			);
			runOnlyForDeploymentPostprocessing = 0;
		};
/* End PBXSourcesBuildPhase section */

/* Begin PBXVariantGroup section */
		9561ACBA151286EE005889C6 /* InfoPlist.strings */ = {
			isa = PBXVariantGroup;
			children = (
				9561ACBB151286EE005889C6 /* en */,
			);
			name = InfoPlist.strings;
			sourceTree = "<group>";
		};
/* End PBXVariantGroup section */

/* Begin XCBuildConfiguration section */
		9561ACCC151286EE005889C6 /* Debug */ = {
			isa = XCBuildConfiguration;
			buildSettings = {
				ALWAYS_SEARCH_USER_PATHS = NO;
				ARCHS = "$(ARCHS_STANDARD_32_BIT)";
				CLANG_ENABLE_OBJC_ARC = YES;
				CLANG_WARN_CONSTANT_CONVERSION = YES;
				CLANG_WARN_ENUM_CONVERSION = YES;
				CLANG_WARN_INT_CONVERSION = YES;
				CLANG_WARN__DUPLICATE_METHOD_MATCH = YES;
				"CODE_SIGN_IDENTITY[sdk=iphoneos*]" = "iPhone Developer";
				COPY_PHASE_STRIP = NO;
				GCC_C_LANGUAGE_STANDARD = gnu99;
				GCC_DYNAMIC_NO_PIC = NO;
				GCC_OPTIMIZATION_LEVEL = 0;
				GCC_PREPROCESSOR_DEFINITIONS = (
					"DEBUG=1",
					"$(inherited)",
				);
				GCC_SYMBOLS_PRIVATE_EXTERN = NO;
				GCC_VERSION = com.apple.compilers.llvm.clang.1_0;
				GCC_WARN_ABOUT_RETURN_TYPE = YES;
				GCC_WARN_UNINITIALIZED_AUTOS = YES;
				GCC_WARN_UNUSED_VARIABLE = YES;
				IPHONEOS_DEPLOYMENT_TARGET = 5.0;
				SDKROOT = iphoneos;
				TARGETED_DEVICE_FAMILY = "1,2";
			};
			name = Debug;
		};
		9561ACCD151286EE005889C6 /* Release */ = {
			isa = XCBuildConfiguration;
			buildSettings = {
				ALWAYS_SEARCH_USER_PATHS = NO;
				ARCHS = "$(ARCHS_STANDARD_32_BIT)";
				CLANG_ENABLE_OBJC_ARC = YES;
				CLANG_WARN_CONSTANT_CONVERSION = YES;
				CLANG_WARN_ENUM_CONVERSION = YES;
				CLANG_WARN_INT_CONVERSION = YES;
				CLANG_WARN__DUPLICATE_METHOD_MATCH = YES;
				"CODE_SIGN_IDENTITY[sdk=iphoneos*]" = "iPhone Developer";
				COPY_PHASE_STRIP = YES;
				GCC_C_LANGUAGE_STANDARD = gnu99;
				GCC_VERSION = com.apple.compilers.llvm.clang.1_0;
				GCC_WARN_ABOUT_RETURN_TYPE = YES;
				GCC_WARN_UNINITIALIZED_AUTOS = YES;
				GCC_WARN_UNUSED_VARIABLE = YES;
				IPHONEOS_DEPLOYMENT_TARGET = 5.0;
				OTHER_CFLAGS = "-DNS_BLOCK_ASSERTIONS=1";
				SDKROOT = iphoneos;
				TARGETED_DEVICE_FAMILY = "1,2";
				VALIDATE_PRODUCT = YES;
			};
			name = Release;
		};
		9561ACCF151286EE005889C6 /* Debug */ = {
			isa = XCBuildConfiguration;
			buildSettings = {
				GCC_PRECOMPILE_PREFIX_HEADER = YES;
				GCC_PREFIX_HEADER = "JASidePanels/Demo/JASidePanels-Prefix.pch";
				INFOPLIST_FILE = "JASidePanels/Demo/JASidePanels-Info.plist";
				IPHONEOS_DEPLOYMENT_TARGET = 5.0;
				PRODUCT_NAME = "$(TARGET_NAME)";
				WRAPPER_EXTENSION = app;
			};
			name = Debug;
		};
		9561ACD0151286EE005889C6 /* Release */ = {
			isa = XCBuildConfiguration;
			buildSettings = {
				GCC_PRECOMPILE_PREFIX_HEADER = YES;
				GCC_PREFIX_HEADER = "JASidePanels/Demo/JASidePanels-Prefix.pch";
				INFOPLIST_FILE = "JASidePanels/Demo/JASidePanels-Info.plist";
				IPHONEOS_DEPLOYMENT_TARGET = 5.0;
				PRODUCT_NAME = "$(TARGET_NAME)";
				WRAPPER_EXTENSION = app;
			};
			name = Release;
		};
/* End XCBuildConfiguration section */

/* Begin XCConfigurationList section */
		9561ACA7151286EE005889C6 /* Build configuration list for PBXProject "JASidePanels" */ = {
			isa = XCConfigurationList;
			buildConfigurations = (
				9561ACCC151286EE005889C6 /* Debug */,
				9561ACCD151286EE005889C6 /* Release */,
			);
			defaultConfigurationIsVisible = 0;
			defaultConfigurationName = Release;
		};
		9561ACCE151286EE005889C6 /* Build configuration list for PBXNativeTarget "JASidePanels" */ = {
			isa = XCConfigurationList;
			buildConfigurations = (
				9561ACCF151286EE005889C6 /* Debug */,
				9561ACD0151286EE005889C6 /* Release */,
			);
			defaultConfigurationIsVisible = 0;
			defaultConfigurationName = Release;
		};
/* End XCConfigurationList section */
	};
	rootObject = 9561ACA4151286EE005889C6 /* Project object */;
}
