
Microsoft Visual Studio Solution File, Format Version 11.00
# Visual Studio 2010
Project("{FAE04EC0-301F-11D3-BF4B-00C04F79EFBC}") = "JASidePanels", "JASidePanelsBinding\JASidePanels.csproj", "{60ED399A-D3EF-4B28-9C1B-28EBA601C3B1}"
EndProject
Global
	GlobalSection(SolutionConfigurationPlatforms) = preSolution
		Debug|Any CPU = Debug|Any CPU
		Release|Any CPU = Release|Any CPU
	EndGlobalSection
	GlobalSection(ProjectConfigurationPlatforms) = postSolution
		{60ED399A-D3EF-4B28-9C1B-28EBA601C3B1}.Debug|Any CPU.ActiveCfg = Debug|Any CPU
		{60ED399A-D3EF-4B28-9C1B-28EBA601C3B1}.Debug|Any CPU.Build.0 = Debug|Any CPU
		{60ED399A-D3EF-4B28-9C1B-28EBA601C3B1}.Release|Any CPU.ActiveCfg = Release|Any CPU
		{60ED399A-D3EF-4B28-9C1B-28EBA601C3B1}.Release|Any CPU.Build.0 = Release|Any CPU
	EndGlobalSection
	GlobalSection(MonoDevelopProperties) = preSolution
		StartupItem = JASidePanelsBinding\JASidePanels.csproj
	EndGlobalSection
EndGlobal
